
Microsoft Visual Studio Solution File, Format Version 12.00
# Visual Studio Version 16
VisualStudioVersion = 16.0.29519.181
MinimumVisualStudioVersion = 10.0.40219.1
Project("{9A19103F-16F7-4668-BE54-9A1E7A4F7556}") = "ReceiveDirect", "ReceiveDirect.csproj", "{10BAC7DB-D49D-409C-8D48-871E8DCECB4B}"
EndProject
Global
	GlobalSection(SolutionConfigurationPlatforms) = preSolution
		Debug|Any CPU = Debug|Any CPU
		Release|Any CPU = Release|Any CPU
	EndGlobalSection
	GlobalSection(ProjectConfigurationPlatforms) = postSolution
		{10BAC7DB-D49D-409C-8D48-871E8DCECB4B}.Debug|Any CPU.ActiveCfg = Debug|Any CPU
		{10BAC7DB-D49D-409C-8D48-871E8DCECB4B}.Debug|Any CPU.Build.0 = Debug|Any CPU
		{10BAC7DB-D49D-409C-8D48-871E8DCECB4B}.Release|Any CPU.ActiveCfg = Release|Any CPU
		{10BAC7DB-D49D-409C-8D48-871E8DCECB4B}.Release|Any CPU.Build.0 = Release|Any CPU
	EndGlobalSection
	GlobalSection(SolutionProperties) = preSolution
		HideSolutionNode = FALSE
	EndGlobalSection
	GlobalSection(ExtensibilityGlobals) = postSolution
		SolutionGuid = {BEEC56E0-0160-4322-868D-600CC4284944}
	EndGlobalSection
EndGlobal
